// !$*UTF8*$!
{
	archiveVersion = 1;
	classes = {
	};
	objectVersion = 46;
	objects = {

/* Begin PBXBuildFile section */
		481B0C821C9503F800A31CD6 /* PhotosViewController.swift in Sources */ = {isa = PBXBuildFile; fileRef = 481B0C811C9503F800A31CD6 /* PhotosViewController.swift */; };
		481B0C841C9504B000A31CD6 /* Photo.swift in Sources */ = {isa = PBXBuildFile; fileRef = 481B0C831C9504B000A31CD6 /* Photo.swift */; };
		481B0C861C95069400A31CD6 /* PhotoDetailCell.swift in Sources */ = {isa = PBXBuildFile; fileRef = 481B0C851C95069400A31CD6 /* PhotoDetailCell.swift */; };
		4820D04E1C93679A0051B283 /* AppDelegate.swift in Sources */ = {isa = PBXBuildFile; fileRef = 4820D04D1C93679A0051B283 /* AppDelegate.swift */; };
		4820D0501C93679A0051B283 /* TravelLocationsMapViewController.swift in Sources */ = {isa = PBXBuildFile; fileRef = 4820D04F1C93679A0051B283 /* TravelLocationsMapViewController.swift */; };
		4820D0531C93679A0051B283 /* Main.storyboard in Resources */ = {isa = PBXBuildFile; fileRef = 4820D0511C93679A0051B283 /* Main.storyboard */; };
		4820D0551C93679A0051B283 /* Assets.xcassets in Resources */ = {isa = PBXBuildFile; fileRef = 4820D0541C93679A0051B283 /* Assets.xcassets */; };
		4820D0581C93679A0051B283 /* LaunchScreen.storyboard in Resources */ = {isa = PBXBuildFile; fileRef = 4820D0561C93679A0051B283 /* LaunchScreen.storyboard */; };
		4820D0631C93679A0051B283 /* VirtualTourist_1Tests.swift in Sources */ = {isa = PBXBuildFile; fileRef = 4820D0621C93679A0051B283 /* VirtualTourist_1Tests.swift */; };
		4820D06E1C93679A0051B283 /* VirtualTourist_1UITests.swift in Sources */ = {isa = PBXBuildFile; fileRef = 4820D06D1C93679A0051B283 /* VirtualTourist_1UITests.swift */; };
		4820D07F1C936FEC0051B283 /* Constants.swift in Sources */ = {isa = PBXBuildFile; fileRef = 4820D07E1C936FEC0051B283 /* Constants.swift */; };
		4840F8EC1C9533A800B1F33E /* FlickrClient.swift in Sources */ = {isa = PBXBuildFile; fileRef = 4840F8EB1C9533A800B1F33E /* FlickrClient.swift */; };
		488C887D1C93EEBD00126685 /* CoreDataStackManager.swift in Sources */ = {isa = PBXBuildFile; fileRef = 488C887C1C93EEBD00126685 /* CoreDataStackManager.swift */; };
		488C887F1C93EF2B00126685 /* Pin.swift in Sources */ = {isa = PBXBuildFile; fileRef = 488C887E1C93EF2B00126685 /* Pin.swift */; };
		488C88821C93F0CF00126685 /* Model.xcdatamodeld in Sources */ = {isa = PBXBuildFile; fileRef = 488C88801C93F0CF00126685 /* Model.xcdatamodeld */; };
/* End PBXBuildFile section */

/* Begin PBXContainerItemProxy section */
		4820D05F1C93679A0051B283 /* PBXContainerItemProxy */ = {
			isa = PBXContainerItemProxy;
			containerPortal = 4820D0421C93679A0051B283 /* Project object */;
			proxyType = 1;
			remoteGlobalIDString = 4820D0491C93679A0051B283;
			remoteInfo = VirtualTourist_1;
		};
		4820D06A1C93679A0051B283 /* PBXContainerItemProxy */ = {
			isa = PBXContainerItemProxy;
			containerPortal = 4820D0421C93679A0051B283 /* Project object */;
			proxyType = 1;
			remoteGlobalIDString = 4820D0491C93679A0051B283;
			remoteInfo = VirtualTourist_1;
		};
/* End PBXContainerItemProxy section */

/* Begin PBXFileReference section */
		481B0C811C9503F800A31CD6 /* PhotosViewController.swift */ = {isa = PBXFileReference; fileEncoding = 4; lastKnownFileType = sourcecode.swift; path = PhotosViewController.swift; sourceTree = "<group>"; };
		481B0C831C9504B000A31CD6 /* Photo.swift */ = {isa = PBXFileReference; fileEncoding = 4; lastKnownFileType = sourcecode.swift; path = Photo.swift; sourceTree = "<group>"; };
		481B0C851C95069400A31CD6 /* PhotoDetailCell.swift */ = {isa = PBXFileReference; fileEncoding = 4; lastKnownFileType = sourcecode.swift; path = PhotoDetailCell.swift; sourceTree = "<group>"; };
		4820D04A1C93679A0051B283 /* VirtualTourist_1.app */ = {isa = PBXFileReference; explicitFileType = wrapper.application; includeInIndex = 0; path = VirtualTourist_1.app; sourceTree = BUILT_PRODUCTS_DIR; };
		4820D04D1C93679A0051B283 /* AppDelegate.swift */ = {isa = PBXFileReference; lastKnownFileType = sourcecode.swift; path = AppDelegate.swift; sourceTree = "<group>"; };
		4820D04F1C93679A0051B283 /* TravelLocationsMapViewController.swift */ = {isa = PBXFileReference; lastKnownFileType = sourcecode.swift; path = TravelLocationsMapViewController.swift; sourceTree = "<group>"; };
		4820D0521C93679A0051B283 /* Base */ = {isa = PBXFileReference; lastKnownFileType = file.storyboard; name = Base; path = Base.lproj/Main.storyboard; sourceTree = "<group>"; };
		4820D0541C93679A0051B283 /* Assets.xcassets */ = {isa = PBXFileReference; lastKnownFileType = folder.assetcatalog; path = Assets.xcassets; sourceTree = "<group>"; };
		4820D0571C93679A0051B283 /* Base */ = {isa = PBXFileReference; lastKnownFileType = file.storyboard; name = Base; path = Base.lproj/LaunchScreen.storyboard; sourceTree = "<group>"; };
		4820D0591C93679A0051B283 /* Info.plist */ = {isa = PBXFileReference; lastKnownFileType = text.plist.xml; path = Info.plist; sourceTree = "<group>"; };
		4820D05E1C93679A0051B283 /* VirtualTourist_1Tests.xctest */ = {isa = PBXFileReference; explicitFileType = wrapper.cfbundle; includeInIndex = 0; path = VirtualTourist_1Tests.xctest; sourceTree = BUILT_PRODUCTS_DIR; };
		4820D0621C93679A0051B283 /* VirtualTourist_1Tests.swift */ = {isa = PBXFileReference; lastKnownFileType = sourcecode.swift; path = VirtualTourist_1Tests.swift; sourceTree = "<group>"; };
		4820D0641C93679A0051B283 /* Info.plist */ = {isa = PBXFileReference; lastKnownFileType = text.plist.xml; path = Info.plist; sourceTree = "<group>"; };
		4820D0691C93679A0051B283 /* VirtualTourist_1UITests.xctest */ = {isa = PBXFileReference; explicitFileType = wrapper.cfbundle; includeInIndex = 0; path = VirtualTourist_1UITests.xctest; sourceTree = BUILT_PRODUCTS_DIR; };
		4820D06D1C93679A0051B283 /* VirtualTourist_1UITests.swift */ = {isa = PBXFileReference; lastKnownFileType = sourcecode.swift; path = VirtualTourist_1UITests.swift; sourceTree = "<group>"; };
		4820D06F1C93679A0051B283 /* Info.plist */ = {isa = PBXFileReference; lastKnownFileType = text.plist.xml; path = Info.plist; sourceTree = "<group>"; };
		4820D07E1C936FEC0051B283 /* Constants.swift */ = {isa = PBXFileReference; fileEncoding = 4; lastKnownFileType = sourcecode.swift; path = Constants.swift; sourceTree = "<group>"; };
		4840F8EB1C9533A800B1F33E /* FlickrClient.swift */ = {isa = PBXFileReference; fileEncoding = 4; lastKnownFileType = sourcecode.swift; path = FlickrClient.swift; sourceTree = "<group>"; };
		488C887C1C93EEBD00126685 /* CoreDataStackManager.swift */ = {isa = PBXFileReference; fileEncoding = 4; lastKnownFileType = sourcecode.swift; path = CoreDataStackManager.swift; sourceTree = "<group>"; };
		488C887E1C93EF2B00126685 /* Pin.swift */ = {isa = PBXFileReference; fileEncoding = 4; lastKnownFileType = sourcecode.swift; path = Pin.swift; sourceTree = "<group>"; };
		488C88811C93F0CF00126685 /* Model.xcdatamodel */ = {isa = PBXFileReference; lastKnownFileType = wrapper.xcdatamodel; path = Model.xcdatamodel; sourceTree = "<group>"; };
/* End PBXFileReference section */

/* Begin PBXFrameworksBuildPhase section */
		4820D0471C93679A0051B283 /* Frameworks */ = {
			isa = PBXFrameworksBuildPhase;
			buildActionMask = 2147483647;
			files = (
			);
			runOnlyForDeploymentPostprocessing = 0;
		};
		4820D05B1C93679A0051B283 /* Frameworks */ = {
			isa = PBXFrameworksBuildPhase;
			buildActionMask = 2147483647;
			files = (
			);
			runOnlyForDeploymentPostprocessing = 0;
		};
		4820D0661C93679A0051B283 /* Frameworks */ = {
			isa = PBXFrameworksBuildPhase;
			buildActionMask = 2147483647;
			files = (
			);
			runOnlyForDeploymentPostprocessing = 0;
		};
/* End PBXFrameworksBuildPhase section */

/* Begin PBXGroup section */
		4820D0411C93679A0051B283 = {
			isa = PBXGroup;
			children = (
				4820D04C1C93679A0051B283 /* VirtualTourist_1 */,
				4820D0611C93679A0051B283 /* VirtualTourist_1Tests */,
				4820D06C1C93679A0051B283 /* VirtualTourist_1UITests */,
				4820D04B1C93679A0051B283 /* Products */,
			);
			sourceTree = "<group>";
		};
		4820D04B1C93679A0051B283 /* Products */ = {
			isa = PBXGroup;
			children = (
				4820D04A1C93679A0051B283 /* VirtualTourist_1.app */,
				4820D05E1C93679A0051B283 /* VirtualTourist_1Tests.xctest */,
				4820D0691C93679A0051B283 /* VirtualTourist_1UITests.xctest */,
			);
			name = Products;
			sourceTree = "<group>";
		};
		4820D04C1C93679A0051B283 /* VirtualTourist_1 */ = {
			isa = PBXGroup;
			children = (
				4820D0511C93679A0051B283 /* Main.storyboard */,
				4820D0561C93679A0051B283 /* LaunchScreen.storyboard */,
				4820D07D1C9367D50051B283 /* Other */,
				4820D07C1C9367B80051B283 /* View */,
				4820D07B1C9367B10051B283 /* Model */,
			);
			path = VirtualTourist_1;
			sourceTree = "<group>";
		};
		4820D0611C93679A0051B283 /* VirtualTourist_1Tests */ = {
			isa = PBXGroup;
			children = (
				4820D0621C93679A0051B283 /* VirtualTourist_1Tests.swift */,
				4820D0641C93679A0051B283 /* Info.plist */,
			);
			path = VirtualTourist_1Tests;
			sourceTree = "<group>";
		};
		4820D06C1C93679A0051B283 /* VirtualTourist_1UITests */ = {
			isa = PBXGroup;
			children = (
				4820D06D1C93679A0051B283 /* VirtualTourist_1UITests.swift */,
				4820D06F1C93679A0051B283 /* Info.plist */,
			);
			path = VirtualTourist_1UITests;
			sourceTree = "<group>";
		};
		4820D07B1C9367B10051B283 /* Model */ = {
			isa = PBXGroup;
			children = (
				488C887C1C93EEBD00126685 /* CoreDataStackManager.swift */,
				4840F8EB1C9533A800B1F33E /* FlickrClient.swift */,
				488C88801C93F0CF00126685 /* Model.xcdatamodeld */,
				488C887E1C93EF2B00126685 /* Pin.swift */,
				481B0C831C9504B000A31CD6 /* Photo.swift */,
			);
			name = Model;
			sourceTree = "<group>";
		};
		4820D07C1C9367B80051B283 /* View */ = {
			isa = PBXGroup;
			children = (
				4820D04F1C93679A0051B283 /* TravelLocationsMapViewController.swift */,
				481B0C811C9503F800A31CD6 /* PhotosViewController.swift */,
				481B0C851C95069400A31CD6 /* PhotoDetailCell.swift */,
			);
			name = View;
			sourceTree = "<group>";
		};
		4820D07D1C9367D50051B283 /* Other */ = {
			isa = PBXGroup;
			children = (
				4820D04D1C93679A0051B283 /* AppDelegate.swift */,
				4820D0591C93679A0051B283 /* Info.plist */,
				4820D0541C93679A0051B283 /* Assets.xcassets */,
				4820D07E1C936FEC0051B283 /* Constants.swift */,
			);
			name = Other;
			sourceTree = "<group>";
		};
/* End PBXGroup section */

/* Begin PBXNativeTarget section */
		4820D0491C93679A0051B283 /* VirtualTourist_1 */ = {
			isa = PBXNativeTarget;
			buildConfigurationList = 4820D0721C93679A0051B283 /* Build configuration list for PBXNativeTarget "VirtualTourist_1" */;
			buildPhases = (
				4820D0461C93679A0051B283 /* Sources */,
				4820D0471C93679A0051B283 /* Frameworks */,
				4820D0481C93679A0051B283 /* Resources */,
			);
			buildRules = (
			);
			dependencies = (
			);
			name = VirtualTourist_1;
			productName = VirtualTourist_1;
			productReference = 4820D04A1C93679A0051B283 /* VirtualTourist_1.app */;
			productType = "com.apple.product-type.application";
		};
		4820D05D1C93679A0051B283 /* VirtualTourist_1Tests */ = {
			isa = PBXNativeTarget;
			buildConfigurationList = 4820D0751C93679A0051B283 /* Build configuration list for PBXNativeTarget "VirtualTourist_1Tests" */;
			buildPhases = (
				4820D05A1C93679A0051B283 /* Sources */,
				4820D05B1C93679A0051B283 /* Frameworks */,
				4820D05C1C93679A0051B283 /* Resources */,
			);
			buildRules = (
			);
			dependencies = (
				4820D0601C93679A0051B283 /* PBXTargetDependency */,
			);
			name = VirtualTourist_1Tests;
			productName = VirtualTourist_1Tests;
			productReference = 4820D05E1C93679A0051B283 /* VirtualTourist_1Tests.xctest */;
			productType = "com.apple.product-type.bundle.unit-test";
		};
		4820D0681C93679A0051B283 /* VirtualTourist_1UITests */ = {
			isa = PBXNativeTarget;
			buildConfigurationList = 4820D0781C93679A0051B283 /* Build configuration list for PBXNativeTarget "VirtualTourist_1UITests" */;
			buildPhases = (
				4820D0651C93679A0051B283 /* Sources */,
				4820D0661C93679A0051B283 /* Frameworks */,
				4820D0671C93679A0051B283 /* Resources */,
			);
			buildRules = (
			);
			dependencies = (
				4820D06B1C93679A0051B283 /* PBXTargetDependency */,
			);
			name = VirtualTourist_1UITests;
			productName = VirtualTourist_1UITests;
			productReference = 4820D0691C93679A0051B283 /* VirtualTourist_1UITests.xctest */;
			productType = "com.apple.product-type.bundle.ui-testing";
		};
/* End PBXNativeTarget section */

/* Begin PBXProject section */
		4820D0421C93679A0051B283 /* Project object */ = {
			isa = PBXProject;
			attributes = {
				LastSwiftUpdateCheck = 0720;
				LastUpgradeCheck = 0720;
				ORGANIZATIONNAME = MxMd;
				TargetAttributes = {
					4820D0491C93679A0051B283 = {
						CreatedOnToolsVersion = 7.2;
					};
					4820D05D1C93679A0051B283 = {
						CreatedOnToolsVersion = 7.2;
						TestTargetID = 4820D0491C93679A0051B283;
					};
					4820D0681C93679A0051B283 = {
						CreatedOnToolsVersion = 7.2;
						TestTargetID = 4820D0491C93679A0051B283;
					};
				};
			};
			buildConfigurationList = 4820D0451C93679A0051B283 /* Build configuration list for PBXProject "VirtualTourist_1" */;
			compatibilityVersion = "Xcode 3.2";
			developmentRegion = English;
			hasScannedForEncodings = 0;
			knownRegions = (
				en,
				Base,
			);
			mainGroup = 4820D0411C93679A0051B283;
			productRefGroup = 4820D04B1C93679A0051B283 /* Products */;
			projectDirPath = "";
			projectRoot = "";
			targets = (
				4820D0491C93679A0051B283 /* VirtualTourist_1 */,
				4820D05D1C93679A0051B283 /* VirtualTourist_1Tests */,
				4820D0681C93679A0051B283 /* VirtualTourist_1UITests */,
			);
		};
/* End PBXProject section */

/* Begin PBXResourcesBuildPhase section */
		4820D0481C93679A0051B283 /* Resources */ = {
			isa = PBXResourcesBuildPhase;
			buildActionMask = 2147483647;
			files = (
				4820D0581C93679A0051B283 /* LaunchScreen.storyboard in Resources */,
				4820D0551C93679A0051B283 /* Assets.xcassets in Resources */,
				4820D0531C93679A0051B283 /* Main.storyboard in Resources */,
			);
			runOnlyForDeploymentPostprocessing = 0;
		};
		4820D05C1C93679A0051B283 /* Resources */ = {
			isa = PBXResourcesBuildPhase;
			buildActionMask = 2147483647;
			files = (
			);
			runOnlyForDeploymentPostprocessing = 0;
		};
		4820D0671C93679A0051B283 /* Resources */ = {
			isa = PBXResourcesBuildPhase;
			buildActionMask = 2147483647;
			files = (
			);
			runOnlyForDeploymentPostprocessing = 0;
		};
/* End PBXResourcesBuildPhase section */

/* Begin PBXSourcesBuildPhase section */
		4820D0461C93679A0051B283 /* Sources */ = {
			isa = PBXSourcesBuildPhase;
			buildActionMask = 2147483647;
			files = (
				481B0C841C9504B000A31CD6 /* Photo.swift in Sources */,
				4840F8EC1C9533A800B1F33E /* FlickrClient.swift in Sources */,
				488C887F1C93EF2B00126685 /* Pin.swift in Sources */,
				4820D0501C93679A0051B283 /* TravelLocationsMapViewController.swift in Sources */,
				488C887D1C93EEBD00126685 /* CoreDataStackManager.swift in Sources */,
				4820D04E1C93679A0051B283 /* AppDelegate.swift in Sources */,
				481B0C861C95069400A31CD6 /* PhotoDetailCell.swift in Sources */,
				481B0C821C9503F800A31CD6 /* PhotosViewController.swift in Sources */,
				4820D07F1C936FEC0051B283 /* Constants.swift in Sources */,
				488C88821C93F0CF00126685 /* Model.xcdatamodeld in Sources */,
			);
			runOnlyForDeploymentPostprocessing = 0;
		};
		4820D05A1C93679A0051B283 /* Sources */ = {
			isa = PBXSourcesBuildPhase;
			buildActionMask = 2147483647;
			files = (
				4820D0631C93679A0051B283 /* VirtualTourist_1Tests.swift in Sources */,
			);
			runOnlyForDeploymentPostprocessing = 0;
		};
		4820D0651C93679A0051B283 /* Sources */ = {
			isa = PBXSourcesBuildPhase;
			buildActionMask = 2147483647;
			files = (
				4820D06E1C93679A0051B283 /* VirtualTourist_1UITests.swift in Sources */,
			);
			runOnlyForDeploymentPostprocessing = 0;
		};
/* End PBXSourcesBuildPhase section */

/* Begin PBXTargetDependency section */
		4820D0601C93679A0051B283 /* PBXTargetDependency */ = {
			isa = PBXTargetDependency;
			target = 4820D0491C93679A0051B283 /* VirtualTourist_1 */;
			targetProxy = 4820D05F1C93679A0051B283 /* PBXContainerItemProxy */;
		};
		4820D06B1C93679A0051B283 /* PBXTargetDependency */ = {
			isa = PBXTargetDependency;
			target = 4820D0491C93679A0051B283 /* VirtualTourist_1 */;
			targetProxy = 4820D06A1C93679A0051B283 /* PBXContainerItemProxy */;
		};
/* End PBXTargetDependency section */

/* Begin PBXVariantGroup section */
		4820D0511C93679A0051B283 /* Main.storyboard */ = {
			isa = PBXVariantGroup;
			children = (
				4820D0521C93679A0051B283 /* Base */,
			);
			name = Main.storyboard;
			sourceTree = "<group>";
		};
		4820D0561C93679A0051B283 /* LaunchScreen.storyboard */ = {
			isa = PBXVariantGroup;
			children = (
				4820D0571C93679A0051B283 /* Base */,
			);
			name = LaunchScreen.storyboard;
			sourceTree = "<group>";
		};
/* End PBXVariantGroup section */

/* Begin XCBuildConfiguration section */
		4820D0701C93679A0051B283 /* Debug */ = {
			isa = XCBuildConfiguration;
			buildSettings = {
				ALWAYS_SEARCH_USER_PATHS = NO;
				CLANG_CXX_LANGUAGE_STANDARD = "gnu++0x";
				CLANG_CXX_LIBRARY = "libc++";
				CLANG_ENABLE_MODULES = YES;
				CLANG_ENABLE_OBJC_ARC = YES;
				CLANG_WARN_BOOL_CONVERSION = YES;
				CLANG_WARN_CONSTANT_CONVERSION = YES;
				CLANG_WARN_DIRECT_OBJC_ISA_USAGE = YES_ERROR;
				CLANG_WARN_EMPTY_BODY = YES;
				CLANG_WARN_ENUM_CONVERSION = YES;
				CLANG_WARN_INT_CONVERSION = YES;
				CLANG_WARN_OBJC_ROOT_CLASS = YES_ERROR;
				CLANG_WARN_UNREACHABLE_CODE = YES;
				CLANG_WARN__DUPLICATE_METHOD_MATCH = YES;
				"CODE_SIGN_IDENTITY[sdk=iphoneos*]" = "iPhone Developer";
				COPY_PHASE_STRIP = NO;
				DEBUG_INFORMATION_FORMAT = dwarf;
				ENABLE_STRICT_OBJC_MSGSEND = YES;
				ENABLE_TESTABILITY = YES;
				GCC_C_LANGUAGE_STANDARD = gnu99;
				GCC_DYNAMIC_NO_PIC = NO;
				GCC_NO_COMMON_BLOCKS = YES;
				GCC_OPTIMIZATION_LEVEL = 0;
				GCC_PREPROCESSOR_DEFINITIONS = (
					"DEBUG=1",
					"$(inherited)",
				);
				GCC_WARN_64_TO_32_BIT_CONVERSION = YES;
				GCC_WARN_ABOUT_RETURN_TYPE = YES_ERROR;
				GCC_WARN_UNDECLARED_SELECTOR = YES;
				GCC_WARN_UNINITIALIZED_AUTOS = YES_AGGRESSIVE;
				GCC_WARN_UNUSED_FUNCTION = YES;
				GCC_WARN_UNUSED_VARIABLE = YES;
				IPHONEOS_DEPLOYMENT_TARGET = 9.2;
				MTL_ENABLE_DEBUG_INFO = YES;
				ONLY_ACTIVE_ARCH = YES;
				SDKROOT = iphoneos;
				SWIFT_OPTIMIZATION_LEVEL = "-Onone";
			};
			name = Debug;
		};
		4820D0711C93679A0051B283 /* Release */ = {
			isa = XCBuildConfiguration;
			buildSettings = {
				ALWAYS_SEARCH_USER_PATHS = NO;
				CLANG_CXX_LANGUAGE_STANDARD = "gnu++0x";
				CLANG_CXX_LIBRARY = "libc++";
				CLANG_ENABLE_MODULES = YES;
				CLANG_ENABLE_OBJC_ARC = YES;
				CLANG_WARN_BOOL_CONVERSION = YES;
				CLANG_WARN_CONSTANT_CONVERSION = YES;
				CLANG_WARN_DIRECT_OBJC_ISA_USAGE = YES_ERROR;
				CLANG_WARN_EMPTY_BODY = YES;
				CLANG_WARN_ENUM_CONVERSION = YES;
				CLANG_WARN_INT_CONVERSION = YES;
				CLANG_WARN_OBJC_ROOT_CLASS = YES_ERROR;
				CLANG_WARN_UNREACHABLE_CODE = YES;
				CLANG_WARN__DUPLICATE_METHOD_MATCH = YES;
				"CODE_SIGN_IDENTITY[sdk=iphoneos*]" = "iPhone Developer";
				COPY_PHASE_STRIP = NO;
				DEBUG_INFORMATION_FORMAT = "dwarf-with-dsym";
				ENABLE_NS_ASSERTIONS = NO;
				ENABLE_STRICT_OBJC_MSGSEND = YES;
				GCC_C_LANGUAGE_STANDARD = gnu99;
				GCC_NO_COMMON_BLOCKS = YES;
				GCC_WARN_64_TO_32_BIT_CONVERSION = YES;
				GCC_WARN_ABOUT_RETURN_TYPE = YES_ERROR;
				GCC_WARN_UNDECLARED_SELECTOR = YES;
				GCC_WARN_UNINITIALIZED_AUTOS = YES_AGGRESSIVE;
				GCC_WARN_UNUSED_FUNCTION = YES;
				GCC_WARN_UNUSED_VARIABLE = YES;
				IPHONEOS_DEPLOYMENT_TARGET = 9.2;
				MTL_ENABLE_DEBUG_INFO = NO;
				SDKROOT = iphoneos;
				VALIDATE_PRODUCT = YES;
			};
			name = Release;
		};
		4820D0731C93679A0051B283 /* Debug */ = {
			isa = XCBuildConfiguration;
			buildSettings = {
				ASSETCATALOG_COMPILER_APPICON_NAME = AppIcon;
				INFOPLIST_FILE = VirtualTourist_1/Info.plist;
				LD_RUNPATH_SEARCH_PATHS = "$(inherited) @executable_path/Frameworks";
				PRODUCT_BUNDLE_IDENTIFIER = "mehdisalemi.VirtualTourist-1";
				PRODUCT_NAME = "$(TARGET_NAME)";
			};
			name = Debug;
		};
		4820D0741C93679A0051B283 /* Release */ = {
			isa = XCBuildConfiguration;
			buildSettings = {
				ASSETCATALOG_COMPILER_APPICON_NAME = AppIcon;
				INFOPLIST_FILE = VirtualTourist_1/Info.plist;
				LD_RUNPATH_SEARCH_PATHS = "$(inherited) @executable_path/Frameworks";
				PRODUCT_BUNDLE_IDENTIFIER = "mehdisalemi.VirtualTourist-1";
				PRODUCT_NAME = "$(TARGET_NAME)";
			};
			name = Release;
		};
		4820D0761C93679A0051B283 /* Debug */ = {
			isa = XCBuildConfiguration;
			buildSettings = {
				BUNDLE_LOADER = "$(TEST_HOST)";
				INFOPLIST_FILE = VirtualTourist_1Tests/Info.plist;
				LD_RUNPATH_SEARCH_PATHS = "$(inherited) @executable_path/Frameworks @loader_path/Frameworks";
				PRODUCT_BUNDLE_IDENTIFIER = "mehdisalemi.VirtualTourist-1Tests";
				PRODUCT_NAME = "$(TARGET_NAME)";
				TEST_HOST = "$(BUILT_PRODUCTS_DIR)/VirtualTourist_1.app/VirtualTourist_1";
			};
			name = Debug;
		};
		4820D0771C93679A0051B283 /* Release */ = {
			isa = XCBuildConfiguration;
			buildSettings = {
				BUNDLE_LOADER = "$(TEST_HOST)";
				INFOPLIST_FILE = VirtualTourist_1Tests/Info.plist;
				LD_RUNPATH_SEARCH_PATHS = "$(inherited) @executable_path/Frameworks @loader_path/Frameworks";
				PRODUCT_BUNDLE_IDENTIFIER = "mehdisalemi.VirtualTourist-1Tests";
				PRODUCT_NAME = "$(TARGET_NAME)";
				TEST_HOST = "$(BUILT_PRODUCTS_DIR)/VirtualTourist_1.app/VirtualTourist_1";
			};
			name = Release;
		};
		4820D0791C93679A0051B283 /* Debug */ = {
			isa = XCBuildConfiguration;
			buildSettings = {
				INFOPLIST_FILE = VirtualTourist_1UITests/Info.plist;
				LD_RUNPATH_SEARCH_PATHS = "$(inherited) @executable_path/Frameworks @loader_path/Frameworks";
				PRODUCT_BUNDLE_IDENTIFIER = "mehdisalemi.VirtualTourist-1UITests";
				PRODUCT_NAME = "$(TARGET_NAME)";
				TEST_TARGET_NAME = VirtualTourist_1;
				USES_XCTRUNNER = YES;
			};
			name = Debug;
		};
		4820D07A1C93679A0051B283 /* Release */ = {
			isa = XCBuildConfiguration;
			buildSettings = {
				INFOPLIST_FILE = VirtualTourist_1UITests/Info.plist;
				LD_RUNPATH_SEARCH_PATHS = "$(inherited) @executable_path/Frameworks @loader_path/Frameworks";
				PRODUCT_BUNDLE_IDENTIFIER = "mehdisalemi.VirtualTourist-1UITests";
				PRODUCT_NAME = "$(TARGET_NAME)";
				TEST_TARGET_NAME = VirtualTourist_1;
				USES_XCTRUNNER = YES;
			};
			name = Release;
		};
/* End XCBuildConfiguration section */

/* Begin XCConfigurationList section */
		4820D0451C93679A0051B283 /* Build configuration list for PBXProject "VirtualTourist_1" */ = {
			isa = XCConfigurationList;
			buildConfigurations = (
				4820D0701C93679A0051B283 /* Debug */,
				4820D0711C93679A0051B283 /* Release */,
			);
			defaultConfigurationIsVisible = 0;
			defaultConfigurationName = Release;
		};
		4820D0721C93679A0051B283 /* Build configuration list for PBXNativeTarget "VirtualTourist_1" */ = {
			isa = XCConfigurationList;
			buildConfigurations = (
				4820D0731C93679A0051B283 /* Debug */,
				4820D0741C93679A0051B283 /* Release */,
			);
			defaultConfigurationIsVisible = 0;
			defaultConfigurationName = Release;
		};
		4820D0751C93679A0051B283 /* Build configuration list for PBXNativeTarget "VirtualTourist_1Tests" */ = {
			isa = XCConfigurationList;
			buildConfigurations = (
				4820D0761C93679A0051B283 /* Debug */,
				4820D0771C93679A0051B283 /* Release */,
			);
			defaultConfigurationIsVisible = 0;
			defaultConfigurationName = Release;
		};
		4820D0781C93679A0051B283 /* Build configuration list for PBXNativeTarget "VirtualTourist_1UITests" */ = {
			isa = XCConfigurationList;
			buildConfigurations = (
				4820D0791C93679A0051B283 /* Debug */,
				4820D07A1C93679A0051B283 /* Release */,
			);
			defaultConfigurationIsVisible = 0;
			defaultConfigurationName = Release;
		};
/* End XCConfigurationList section */

/* Begin XCVersionGroup section */
		488C88801C93F0CF00126685 /* Model.xcdatamodeld */ = {
			isa = XCVersionGroup;
			children = (
				488C88811C93F0CF00126685 /* Model.xcdatamodel */,
			);
			currentVersion = 488C88811C93F0CF00126685 /* Model.xcdatamodel */;
			path = Model.xcdatamodeld;
			sourceTree = "<group>";
			versionGroupType = wrapper.xcdatamodel;
		};
/* End XCVersionGroup section */
	};
	rootObject = 4820D0421C93679A0051B283 /* Project object */;
}
